
Microsoft Visual Studio Solution File, Format Version 12.00
# Visual Studio Version 16
VisualStudioVersion = 16.0.28803.156
MinimumVisualStudioVersion = 10.0.40219.1
Project("{FAE04EC0-301F-11D3-BF4B-00C04F79EFBC}") = "ConsoleAppMarsRover", "ConsoleAppMarsRover\ConsoleAppMarsRover.csproj", "{1A870C54-E5A9-47F8-8320-7456B83B7DF1}"
EndProject
Global
	GlobalSection(SolutionConfigurationPlatforms) = preSolution
		Debug|Any CPU = Debug|Any CPU
		Release|Any CPU = Release|Any CPU
	EndGlobalSection
	GlobalSection(ProjectConfigurationPlatforms) = postSolution
		{1A870C54-E5A9-47F8-8320-7456B83B7DF1}.Debug|Any CPU.ActiveCfg = Debug|Any CPU
		{1A870C54-E5A9-47F8-8320-7456B83B7DF1}.Debug|Any CPU.Build.0 = Debug|Any CPU
		{1A870C54-E5A9-47F8-8320-7456B83B7DF1}.Release|Any CPU.ActiveCfg = Release|Any CPU
		{1A870C54-E5A9-47F8-8320-7456B83B7DF1}.Release|Any CPU.Build.0 = Release|Any CPU
	EndGlobalSection
	GlobalSection(SolutionProperties) = preSolution
		HideSolutionNode = FALSE
	EndGlobalSection
	GlobalSection(ExtensibilityGlobals) = postSolution
		SolutionGuid = {F50FFDAF-9590-4EAC-9DD9-7DF865ECF287}
	EndGlobalSection
EndGlobal
